
Microsoft Visual Studio Solution File, Format Version 12.00
# Visual Studio 14
VisualStudioVersion = 14.0.25420.1
MinimumVisualStudioVersion = 10.0.40219.1
Project("{FAE04EC0-301F-11D3-BF4B-00C04F79EFBC}") = "Hello", "Oliointi\Hello.csproj", "{AA8273E8-EE3B-4EAA-950E-B6EF1A33B880}"
EndProject
Project("{FAE04EC0-301F-11D3-BF4B-00C04F79EFBC}") = "T1", "T1\T1.csproj", "{2E212C04-814D-4F95-8E58-ABD780B44153}"
EndProject
Project("{FAE04EC0-301F-11D3-BF4B-00C04F79EFBC}") = "T2", "T2\T2.csproj", "{9CFB1FDF-F7E8-4EBB-86E9-70F65A2D1CDC}"
EndProject
Project("{FAE04EC0-301F-11D3-BF4B-00C04F79EFBC}") = "T3", "T3\T3.csproj", "{74DA4427-B00D-4F72-AB03-F5C6CE5990FD}"
EndProject
Project("{FAE04EC0-301F-11D3-BF4B-00C04F79EFBC}") = "T4", "T4\T4.csproj", "{7034AD3B-D250-49E1-B77C-3014D5CAB0E3}"
EndProject
Project("{FAE04EC0-301F-11D3-BF4B-00C04F79EFBC}") = "T5", "T5\T5.csproj", "{F2BEBECF-9E09-40A1-97ED-DF37A02B0682}"
EndProject
Project("{FAE04EC0-301F-11D3-BF4B-00C04F79EFBC}") = "T6", "T6\T6.csproj", "{A6F1094C-3F04-4C64-869B-BDCB552BE07D}"
EndProject
Global
	GlobalSection(SolutionConfigurationPlatforms) = preSolution
		Debug|Any CPU = Debug|Any CPU
		Release|Any CPU = Release|Any CPU
	EndGlobalSection
	GlobalSection(ProjectConfigurationPlatforms) = postSolution
		{AA8273E8-EE3B-4EAA-950E-B6EF1A33B880}.Debug|Any CPU.ActiveCfg = Debug|Any CPU
		{AA8273E8-EE3B-4EAA-950E-B6EF1A33B880}.Debug|Any CPU.Build.0 = Debug|Any CPU
		{AA8273E8-EE3B-4EAA-950E-B6EF1A33B880}.Release|Any CPU.ActiveCfg = Release|Any CPU
		{AA8273E8-EE3B-4EAA-950E-B6EF1A33B880}.Release|Any CPU.Build.0 = Release|Any CPU
		{2E212C04-814D-4F95-8E58-ABD780B44153}.Debug|Any CPU.ActiveCfg = Debug|Any CPU
		{2E212C04-814D-4F95-8E58-ABD780B44153}.Debug|Any CPU.Build.0 = Debug|Any CPU
		{2E212C04-814D-4F95-8E58-ABD780B44153}.Release|Any CPU.ActiveCfg = Release|Any CPU
		{2E212C04-814D-4F95-8E58-ABD780B44153}.Release|Any CPU.Build.0 = Release|Any CPU
		{9CFB1FDF-F7E8-4EBB-86E9-70F65A2D1CDC}.Debug|Any CPU.ActiveCfg = Debug|Any CPU
		{9CFB1FDF-F7E8-4EBB-86E9-70F65A2D1CDC}.Debug|Any CPU.Build.0 = Debug|Any CPU
		{9CFB1FDF-F7E8-4EBB-86E9-70F65A2D1CDC}.Release|Any CPU.ActiveCfg = Release|Any CPU
		{9CFB1FDF-F7E8-4EBB-86E9-70F65A2D1CDC}.Release|Any CPU.Build.0 = Release|Any CPU
		{74DA4427-B00D-4F72-AB03-F5C6CE5990FD}.Debug|Any CPU.ActiveCfg = Debug|Any CPU
		{74DA4427-B00D-4F72-AB03-F5C6CE5990FD}.Debug|Any CPU.Build.0 = Debug|Any CPU
		{74DA4427-B00D-4F72-AB03-F5C6CE5990FD}.Release|Any CPU.ActiveCfg = Release|Any CPU
		{74DA4427-B00D-4F72-AB03-F5C6CE5990FD}.Release|Any CPU.Build.0 = Release|Any CPU
		{7034AD3B-D250-49E1-B77C-3014D5CAB0E3}.Debug|Any CPU.ActiveCfg = Debug|Any CPU
		{7034AD3B-D250-49E1-B77C-3014D5CAB0E3}.Debug|Any CPU.Build.0 = Debug|Any CPU
		{7034AD3B-D250-49E1-B77C-3014D5CAB0E3}.Release|Any CPU.ActiveCfg = Release|Any CPU
		{7034AD3B-D250-49E1-B77C-3014D5CAB0E3}.Release|Any CPU.Build.0 = Release|Any CPU
		{F2BEBECF-9E09-40A1-97ED-DF37A02B0682}.Debug|Any CPU.ActiveCfg = Debug|Any CPU
		{F2BEBECF-9E09-40A1-97ED-DF37A02B0682}.Debug|Any CPU.Build.0 = Debug|Any CPU
		{F2BEBECF-9E09-40A1-97ED-DF37A02B0682}.Release|Any CPU.ActiveCfg = Release|Any CPU
		{F2BEBECF-9E09-40A1-97ED-DF37A02B0682}.Release|Any CPU.Build.0 = Release|Any CPU
		{A6F1094C-3F04-4C64-869B-BDCB552BE07D}.Debug|Any CPU.ActiveCfg = Debug|Any CPU
		{A6F1094C-3F04-4C64-869B-BDCB552BE07D}.Debug|Any CPU.Build.0 = Debug|Any CPU
		{A6F1094C-3F04-4C64-869B-BDCB552BE07D}.Release|Any CPU.ActiveCfg = Release|Any CPU
		{A6F1094C-3F04-4C64-869B-BDCB552BE07D}.Release|Any CPU.Build.0 = Release|Any CPU
	EndGlobalSection
	GlobalSection(SolutionProperties) = preSolution
		HideSolutionNode = FALSE
	EndGlobalSection
EndGlobal
