
Microsoft Visual Studio Solution File, Format Version 12.00
# Visual Studio 14
VisualStudioVersion = 14.0.25420.1
MinimumVisualStudioVersion = 10.0.40219.1
Project("{FAE04EC0-301F-11D3-BF4B-00C04F79EFBC}") = "Playground", "Playground\Playground.csproj", "{57448F46-A236-40B2-8C6D-D3AD40F9E041}"
EndProject
Project("{FAE04EC0-301F-11D3-BF4B-00C04F79EFBC}") = "Testi_UWP", "Testi_UWP\Testi_UWP.csproj", "{560BC4F1-735D-4081-89DA-3E84011BCDB4}"
EndProject
Project("{FAE04EC0-301F-11D3-BF4B-00C04F79EFBC}") = "T1", "App1\T1.csproj", "{D15479B2-4A14-42C6-9D5E-D8453259C574}"
EndProject
Project("{FAE04EC0-301F-11D3-BF4B-00C04F79EFBC}") = "T2", "T2\T2.csproj", "{2DFE4C88-524F-4728-9D47-16A6536412B7}"
EndProject
Project("{FAE04EC0-301F-11D3-BF4B-00C04F79EFBC}") = "T3", "T3\T3.csproj", "{2F3E26C4-DB9E-40F9-BDB6-4D04D99CEEBE}"
EndProject
Global
	GlobalSection(SolutionConfigurationPlatforms) = preSolution
		Debug|Any CPU = Debug|Any CPU
		Debug|ARM = Debug|ARM
		Debug|x64 = Debug|x64
		Debug|x86 = Debug|x86
		Release|Any CPU = Release|Any CPU
		Release|ARM = Release|ARM
		Release|x64 = Release|x64
		Release|x86 = Release|x86
	EndGlobalSection
	GlobalSection(ProjectConfigurationPlatforms) = postSolution
		{57448F46-A236-40B2-8C6D-D3AD40F9E041}.Debug|Any CPU.ActiveCfg = Debug|Any CPU
		{57448F46-A236-40B2-8C6D-D3AD40F9E041}.Debug|Any CPU.Build.0 = Debug|Any CPU
		{57448F46-A236-40B2-8C6D-D3AD40F9E041}.Debug|ARM.ActiveCfg = Debug|Any CPU
		{57448F46-A236-40B2-8C6D-D3AD40F9E041}.Debug|ARM.Build.0 = Debug|Any CPU
		{57448F46-A236-40B2-8C6D-D3AD40F9E041}.Debug|x64.ActiveCfg = Debug|Any CPU
		{57448F46-A236-40B2-8C6D-D3AD40F9E041}.Debug|x64.Build.0 = Debug|Any CPU
		{57448F46-A236-40B2-8C6D-D3AD40F9E041}.Debug|x86.ActiveCfg = Debug|Any CPU
		{57448F46-A236-40B2-8C6D-D3AD40F9E041}.Debug|x86.Build.0 = Debug|Any CPU
		{57448F46-A236-40B2-8C6D-D3AD40F9E041}.Release|Any CPU.ActiveCfg = Release|Any CPU
		{57448F46-A236-40B2-8C6D-D3AD40F9E041}.Release|Any CPU.Build.0 = Release|Any CPU
		{57448F46-A236-40B2-8C6D-D3AD40F9E041}.Release|ARM.ActiveCfg = Release|Any CPU
		{57448F46-A236-40B2-8C6D-D3AD40F9E041}.Release|ARM.Build.0 = Release|Any CPU
		{57448F46-A236-40B2-8C6D-D3AD40F9E041}.Release|x64.ActiveCfg = Release|Any CPU
		{57448F46-A236-40B2-8C6D-D3AD40F9E041}.Release|x64.Build.0 = Release|Any CPU
		{57448F46-A236-40B2-8C6D-D3AD40F9E041}.Release|x86.ActiveCfg = Release|Any CPU
		{57448F46-A236-40B2-8C6D-D3AD40F9E041}.Release|x86.Build.0 = Release|Any CPU
		{560BC4F1-735D-4081-89DA-3E84011BCDB4}.Debug|Any CPU.ActiveCfg = Debug|x86
		{560BC4F1-735D-4081-89DA-3E84011BCDB4}.Debug|ARM.ActiveCfg = Debug|ARM
		{560BC4F1-735D-4081-89DA-3E84011BCDB4}.Debug|ARM.Build.0 = Debug|ARM
		{560BC4F1-735D-4081-89DA-3E84011BCDB4}.Debug|ARM.Deploy.0 = Debug|ARM
		{560BC4F1-735D-4081-89DA-3E84011BCDB4}.Debug|x64.ActiveCfg = Debug|x64
		{560BC4F1-735D-4081-89DA-3E84011BCDB4}.Debug|x64.Build.0 = Debug|x64
		{560BC4F1-735D-4081-89DA-3E84011BCDB4}.Debug|x64.Deploy.0 = Debug|x64
		{560BC4F1-735D-4081-89DA-3E84011BCDB4}.Debug|x86.ActiveCfg = Debug|x86
		{560BC4F1-735D-4081-89DA-3E84011BCDB4}.Debug|x86.Build.0 = Debug|x86
		{560BC4F1-735D-4081-89DA-3E84011BCDB4}.Debug|x86.Deploy.0 = Debug|x86
		{560BC4F1-735D-4081-89DA-3E84011BCDB4}.Release|Any CPU.ActiveCfg = Release|x86
		{560BC4F1-735D-4081-89DA-3E84011BCDB4}.Release|ARM.ActiveCfg = Release|ARM
		{560BC4F1-735D-4081-89DA-3E84011BCDB4}.Release|ARM.Build.0 = Release|ARM
		{560BC4F1-735D-4081-89DA-3E84011BCDB4}.Release|ARM.Deploy.0 = Release|ARM
		{560BC4F1-735D-4081-89DA-3E84011BCDB4}.Release|x64.ActiveCfg = Release|x64
		{560BC4F1-735D-4081-89DA-3E84011BCDB4}.Release|x64.Build.0 = Release|x64
		{560BC4F1-735D-4081-89DA-3E84011BCDB4}.Release|x64.Deploy.0 = Release|x64
		{560BC4F1-735D-4081-89DA-3E84011BCDB4}.Release|x86.ActiveCfg = Release|x86
		{560BC4F1-735D-4081-89DA-3E84011BCDB4}.Release|x86.Build.0 = Release|x86
		{560BC4F1-735D-4081-89DA-3E84011BCDB4}.Release|x86.Deploy.0 = Release|x86
		{D15479B2-4A14-42C6-9D5E-D8453259C574}.Debug|Any CPU.ActiveCfg = Debug|x86
		{D15479B2-4A14-42C6-9D5E-D8453259C574}.Debug|ARM.ActiveCfg = Debug|ARM
		{D15479B2-4A14-42C6-9D5E-D8453259C574}.Debug|ARM.Build.0 = Debug|ARM
		{D15479B2-4A14-42C6-9D5E-D8453259C574}.Debug|ARM.Deploy.0 = Debug|ARM
		{D15479B2-4A14-42C6-9D5E-D8453259C574}.Debug|x64.ActiveCfg = Debug|x64
		{D15479B2-4A14-42C6-9D5E-D8453259C574}.Debug|x64.Build.0 = Debug|x64
		{D15479B2-4A14-42C6-9D5E-D8453259C574}.Debug|x64.Deploy.0 = Debug|x64
		{D15479B2-4A14-42C6-9D5E-D8453259C574}.Debug|x86.ActiveCfg = Debug|x86
		{D15479B2-4A14-42C6-9D5E-D8453259C574}.Debug|x86.Build.0 = Debug|x86
		{D15479B2-4A14-42C6-9D5E-D8453259C574}.Debug|x86.Deploy.0 = Debug|x86
		{D15479B2-4A14-42C6-9D5E-D8453259C574}.Release|Any CPU.ActiveCfg = Release|x86
		{D15479B2-4A14-42C6-9D5E-D8453259C574}.Release|ARM.ActiveCfg = Release|ARM
		{D15479B2-4A14-42C6-9D5E-D8453259C574}.Release|ARM.Build.0 = Release|ARM
		{D15479B2-4A14-42C6-9D5E-D8453259C574}.Release|ARM.Deploy.0 = Release|ARM
		{D15479B2-4A14-42C6-9D5E-D8453259C574}.Release|x64.ActiveCfg = Release|x64
		{D15479B2-4A14-42C6-9D5E-D8453259C574}.Release|x64.Build.0 = Release|x64
		{D15479B2-4A14-42C6-9D5E-D8453259C574}.Release|x64.Deploy.0 = Release|x64
		{D15479B2-4A14-42C6-9D5E-D8453259C574}.Release|x86.ActiveCfg = Release|x86
		{D15479B2-4A14-42C6-9D5E-D8453259C574}.Release|x86.Build.0 = Release|x86
		{D15479B2-4A14-42C6-9D5E-D8453259C574}.Release|x86.Deploy.0 = Release|x86
		{2DFE4C88-524F-4728-9D47-16A6536412B7}.Debug|Any CPU.ActiveCfg = Debug|Any CPU
		{2DFE4C88-524F-4728-9D47-16A6536412B7}.Debug|Any CPU.Build.0 = Debug|Any CPU
		{2DFE4C88-524F-4728-9D47-16A6536412B7}.Debug|ARM.ActiveCfg = Debug|Any CPU
		{2DFE4C88-524F-4728-9D47-16A6536412B7}.Debug|ARM.Build.0 = Debug|Any CPU
		{2DFE4C88-524F-4728-9D47-16A6536412B7}.Debug|x64.ActiveCfg = Debug|Any CPU
		{2DFE4C88-524F-4728-9D47-16A6536412B7}.Debug|x64.Build.0 = Debug|Any CPU
		{2DFE4C88-524F-4728-9D47-16A6536412B7}.Debug|x86.ActiveCfg = Debug|Any CPU
		{2DFE4C88-524F-4728-9D47-16A6536412B7}.Debug|x86.Build.0 = Debug|Any CPU
		{2DFE4C88-524F-4728-9D47-16A6536412B7}.Release|Any CPU.ActiveCfg = Release|Any CPU
		{2DFE4C88-524F-4728-9D47-16A6536412B7}.Release|Any CPU.Build.0 = Release|Any CPU
		{2DFE4C88-524F-4728-9D47-16A6536412B7}.Release|ARM.ActiveCfg = Release|Any CPU
		{2DFE4C88-524F-4728-9D47-16A6536412B7}.Release|ARM.Build.0 = Release|Any CPU
		{2DFE4C88-524F-4728-9D47-16A6536412B7}.Release|x64.ActiveCfg = Release|Any CPU
		{2DFE4C88-524F-4728-9D47-16A6536412B7}.Release|x64.Build.0 = Release|Any CPU
		{2DFE4C88-524F-4728-9D47-16A6536412B7}.Release|x86.ActiveCfg = Release|Any CPU
		{2DFE4C88-524F-4728-9D47-16A6536412B7}.Release|x86.Build.0 = Release|Any CPU
		{2F3E26C4-DB9E-40F9-BDB6-4D04D99CEEBE}.Debug|Any CPU.ActiveCfg = Debug|Any CPU
		{2F3E26C4-DB9E-40F9-BDB6-4D04D99CEEBE}.Debug|Any CPU.Build.0 = Debug|Any CPU
		{2F3E26C4-DB9E-40F9-BDB6-4D04D99CEEBE}.Debug|ARM.ActiveCfg = Debug|Any CPU
		{2F3E26C4-DB9E-40F9-BDB6-4D04D99CEEBE}.Debug|ARM.Build.0 = Debug|Any CPU
		{2F3E26C4-DB9E-40F9-BDB6-4D04D99CEEBE}.Debug|x64.ActiveCfg = Debug|Any CPU
		{2F3E26C4-DB9E-40F9-BDB6-4D04D99CEEBE}.Debug|x64.Build.0 = Debug|Any CPU
		{2F3E26C4-DB9E-40F9-BDB6-4D04D99CEEBE}.Debug|x86.ActiveCfg = Debug|Any CPU
		{2F3E26C4-DB9E-40F9-BDB6-4D04D99CEEBE}.Debug|x86.Build.0 = Debug|Any CPU
		{2F3E26C4-DB9E-40F9-BDB6-4D04D99CEEBE}.Release|Any CPU.ActiveCfg = Release|Any CPU
		{2F3E26C4-DB9E-40F9-BDB6-4D04D99CEEBE}.Release|Any CPU.Build.0 = Release|Any CPU
		{2F3E26C4-DB9E-40F9-BDB6-4D04D99CEEBE}.Release|ARM.ActiveCfg = Release|Any CPU
		{2F3E26C4-DB9E-40F9-BDB6-4D04D99CEEBE}.Release|ARM.Build.0 = Release|Any CPU
		{2F3E26C4-DB9E-40F9-BDB6-4D04D99CEEBE}.Release|x64.ActiveCfg = Release|Any CPU
		{2F3E26C4-DB9E-40F9-BDB6-4D04D99CEEBE}.Release|x64.Build.0 = Release|Any CPU
		{2F3E26C4-DB9E-40F9-BDB6-4D04D99CEEBE}.Release|x86.ActiveCfg = Release|Any CPU
		{2F3E26C4-DB9E-40F9-BDB6-4D04D99CEEBE}.Release|x86.Build.0 = Release|Any CPU
	EndGlobalSection
	GlobalSection(SolutionProperties) = preSolution
		HideSolutionNode = FALSE
	EndGlobalSection
EndGlobal
